
Microsoft Visual Studio Solution File, Format Version 12.00
# Visual Studio Version 17
VisualStudioVersion = 17.5.33530.505
MinimumVisualStudioVersion = 10.0.40219.1
Project("{FAE04EC0-301F-11D3-BF4B-00C04F79EFBC}") = "To_Work.Server", "To_Work\Server\To_Work.Server.csproj", "{4DFE50DA-EF5A-43A4-884F-665E805F8085}"
EndProject
Project("{FAE04EC0-301F-11D3-BF4B-00C04F79EFBC}") = "To_Work.Client", "To_Work\Client\To_Work.Client.csproj", "{FD6C24E8-98E8-46E1-9E82-D6322ADF6A93}"
EndProject
Project("{FAE04EC0-301F-11D3-BF4B-00C04F79EFBC}") = "To_Work.Shared", "To_Work\Shared\To_Work.Shared.csproj", "{35A0BF52-96A4-45EB-BBF9-21602C701288}"
EndProject
Project("{FAE04EC0-301F-11D3-BF4B-00C04F79EFBC}") = "To_Work.DB", "To_Work\To_Work.DB\To_Work.DB\To_Work.DB.csproj", "{F9370650-8B2B-44BD-98AE-82871919BCB0}"
EndProject
Global
	GlobalSection(SolutionConfigurationPlatforms) = preSolution
		Debug|Any CPU = Debug|Any CPU
		Release|Any CPU = Release|Any CPU
	EndGlobalSection
	GlobalSection(ProjectConfigurationPlatforms) = postSolution
		{4DFE50DA-EF5A-43A4-884F-665E805F8085}.Debug|Any CPU.ActiveCfg = Debug|Any CPU
		{4DFE50DA-EF5A-43A4-884F-665E805F8085}.Debug|Any CPU.Build.0 = Debug|Any CPU
		{4DFE50DA-EF5A-43A4-884F-665E805F8085}.Release|Any CPU.ActiveCfg = Release|Any CPU
		{4DFE50DA-EF5A-43A4-884F-665E805F8085}.Release|Any CPU.Build.0 = Release|Any CPU
		{FD6C24E8-98E8-46E1-9E82-D6322ADF6A93}.Debug|Any CPU.ActiveCfg = Debug|Any CPU
		{FD6C24E8-98E8-46E1-9E82-D6322ADF6A93}.Debug|Any CPU.Build.0 = Debug|Any CPU
		{FD6C24E8-98E8-46E1-9E82-D6322ADF6A93}.Release|Any CPU.ActiveCfg = Release|Any CPU
		{FD6C24E8-98E8-46E1-9E82-D6322ADF6A93}.Release|Any CPU.Build.0 = Release|Any CPU
		{35A0BF52-96A4-45EB-BBF9-21602C701288}.Debug|Any CPU.ActiveCfg = Debug|Any CPU
		{35A0BF52-96A4-45EB-BBF9-21602C701288}.Debug|Any CPU.Build.0 = Debug|Any CPU
		{35A0BF52-96A4-45EB-BBF9-21602C701288}.Release|Any CPU.ActiveCfg = Release|Any CPU
		{35A0BF52-96A4-45EB-BBF9-21602C701288}.Release|Any CPU.Build.0 = Release|Any CPU
		{F9370650-8B2B-44BD-98AE-82871919BCB0}.Debug|Any CPU.ActiveCfg = Debug|Any CPU
		{F9370650-8B2B-44BD-98AE-82871919BCB0}.Debug|Any CPU.Build.0 = Debug|Any CPU
		{F9370650-8B2B-44BD-98AE-82871919BCB0}.Release|Any CPU.ActiveCfg = Release|Any CPU
		{F9370650-8B2B-44BD-98AE-82871919BCB0}.Release|Any CPU.Build.0 = Release|Any CPU
	EndGlobalSection
	GlobalSection(SolutionProperties) = preSolution
		HideSolutionNode = FALSE
	EndGlobalSection
	GlobalSection(ExtensibilityGlobals) = postSolution
		SolutionGuid = {BB6A5F95-9CE3-45A8-98BB-928C77BE2016}
	EndGlobalSection
EndGlobal
